
Microsoft Visual Studio Solution File, Format Version 11.00
# Visual Studio 2010
Project("{FAE04EC0-301F-11D3-BF4B-00C04F79EFBC}") = "Octopus.Management.Commons", "Octopus.Management.Commons\Octopus.Management.Commons.csproj", "{B5B85948-AD14-4152-88C1-B7708FD40F19}"
EndProject
Project("{FAE04EC0-301F-11D3-BF4B-00C04F79EFBC}") = "Octopus.Test.Client", "Octopus.Test.Client\Octopus.Test.Client.csproj", "{B2AF35CB-9C36-4259-A11F-CBD4AC96B133}"
EndProject
Project("{FAE04EC0-301F-11D3-BF4B-00C04F79EFBC}") = "Octopus.Spock.Interfaces", "Octopus.Spocknet.Interfaces\Octopus.Spock.Interfaces.csproj", "{FC6494B0-1973-43DC-88F9-DAC1D4F1955F}"
EndProject
Project("{FAE04EC0-301F-11D3-BF4B-00C04F79EFBC}") = "Octopus.Injection.Commons", "Octopus.Injection.Commons\Octopus.Injection.Commons.csproj", "{3DB49629-ADE8-456F-B4D5-0B22F540E1BC}"
EndProject
Project("{FAE04EC0-301F-11D3-BF4B-00C04F79EFBC}") = "Verso.Net.Commons", "..\Verso\Verso.Net.Commons\Verso.Net.Commons.csproj", "{0E7D4746-344B-4261-A3B6-C94FB0561133}"
EndProject
Global
	GlobalSection(SolutionConfigurationPlatforms) = preSolution
		Debug|Any CPU = Debug|Any CPU
		Debug|Mixed Platforms = Debug|Mixed Platforms
		Debug|x86 = Debug|x86
		Release|Any CPU = Release|Any CPU
		Release|Mixed Platforms = Release|Mixed Platforms
		Release|x86 = Release|x86
	EndGlobalSection
	GlobalSection(ProjectConfigurationPlatforms) = postSolution
		{B5B85948-AD14-4152-88C1-B7708FD40F19}.Debug|Any CPU.ActiveCfg = Debug|Any CPU
		{B5B85948-AD14-4152-88C1-B7708FD40F19}.Debug|Any CPU.Build.0 = Debug|Any CPU
		{B5B85948-AD14-4152-88C1-B7708FD40F19}.Debug|Mixed Platforms.ActiveCfg = Debug|Any CPU
		{B5B85948-AD14-4152-88C1-B7708FD40F19}.Debug|Mixed Platforms.Build.0 = Debug|Any CPU
		{B5B85948-AD14-4152-88C1-B7708FD40F19}.Debug|x86.ActiveCfg = Debug|Any CPU
		{B5B85948-AD14-4152-88C1-B7708FD40F19}.Release|Any CPU.ActiveCfg = Release|Any CPU
		{B5B85948-AD14-4152-88C1-B7708FD40F19}.Release|Any CPU.Build.0 = Release|Any CPU
		{B5B85948-AD14-4152-88C1-B7708FD40F19}.Release|Mixed Platforms.ActiveCfg = Release|Any CPU
		{B5B85948-AD14-4152-88C1-B7708FD40F19}.Release|Mixed Platforms.Build.0 = Release|Any CPU
		{B5B85948-AD14-4152-88C1-B7708FD40F19}.Release|x86.ActiveCfg = Release|Any CPU
		{B2AF35CB-9C36-4259-A11F-CBD4AC96B133}.Debug|Any CPU.ActiveCfg = Debug|x86
		{B2AF35CB-9C36-4259-A11F-CBD4AC96B133}.Debug|Mixed Platforms.ActiveCfg = Debug|x86
		{B2AF35CB-9C36-4259-A11F-CBD4AC96B133}.Debug|Mixed Platforms.Build.0 = Debug|x86
		{B2AF35CB-9C36-4259-A11F-CBD4AC96B133}.Debug|x86.ActiveCfg = Debug|x86
		{B2AF35CB-9C36-4259-A11F-CBD4AC96B133}.Debug|x86.Build.0 = Debug|x86
		{B2AF35CB-9C36-4259-A11F-CBD4AC96B133}.Release|Any CPU.ActiveCfg = Release|x86
		{B2AF35CB-9C36-4259-A11F-CBD4AC96B133}.Release|Mixed Platforms.ActiveCfg = Release|x86
		{B2AF35CB-9C36-4259-A11F-CBD4AC96B133}.Release|Mixed Platforms.Build.0 = Release|x86
		{B2AF35CB-9C36-4259-A11F-CBD4AC96B133}.Release|x86.ActiveCfg = Release|x86
		{B2AF35CB-9C36-4259-A11F-CBD4AC96B133}.Release|x86.Build.0 = Release|x86
		{FC6494B0-1973-43DC-88F9-DAC1D4F1955F}.Debug|Any CPU.ActiveCfg = Debug|Any CPU
		{FC6494B0-1973-43DC-88F9-DAC1D4F1955F}.Debug|Any CPU.Build.0 = Debug|Any CPU
		{FC6494B0-1973-43DC-88F9-DAC1D4F1955F}.Debug|Mixed Platforms.ActiveCfg = Debug|Any CPU
		{FC6494B0-1973-43DC-88F9-DAC1D4F1955F}.Debug|Mixed Platforms.Build.0 = Debug|Any CPU
		{FC6494B0-1973-43DC-88F9-DAC1D4F1955F}.Debug|x86.ActiveCfg = Debug|Any CPU
		{FC6494B0-1973-43DC-88F9-DAC1D4F1955F}.Release|Any CPU.ActiveCfg = Release|Any CPU
		{FC6494B0-1973-43DC-88F9-DAC1D4F1955F}.Release|Any CPU.Build.0 = Release|Any CPU
		{FC6494B0-1973-43DC-88F9-DAC1D4F1955F}.Release|Mixed Platforms.ActiveCfg = Release|Any CPU
		{FC6494B0-1973-43DC-88F9-DAC1D4F1955F}.Release|Mixed Platforms.Build.0 = Release|Any CPU
		{FC6494B0-1973-43DC-88F9-DAC1D4F1955F}.Release|x86.ActiveCfg = Release|Any CPU
		{3DB49629-ADE8-456F-B4D5-0B22F540E1BC}.Debug|Any CPU.ActiveCfg = Debug|Any CPU
		{3DB49629-ADE8-456F-B4D5-0B22F540E1BC}.Debug|Any CPU.Build.0 = Debug|Any CPU
		{3DB49629-ADE8-456F-B4D5-0B22F540E1BC}.Debug|Mixed Platforms.ActiveCfg = Debug|Any CPU
		{3DB49629-ADE8-456F-B4D5-0B22F540E1BC}.Debug|Mixed Platforms.Build.0 = Debug|Any CPU
		{3DB49629-ADE8-456F-B4D5-0B22F540E1BC}.Debug|x86.ActiveCfg = Debug|Any CPU
		{3DB49629-ADE8-456F-B4D5-0B22F540E1BC}.Release|Any CPU.ActiveCfg = Release|Any CPU
		{3DB49629-ADE8-456F-B4D5-0B22F540E1BC}.Release|Any CPU.Build.0 = Release|Any CPU
		{3DB49629-ADE8-456F-B4D5-0B22F540E1BC}.Release|Mixed Platforms.ActiveCfg = Release|Any CPU
		{3DB49629-ADE8-456F-B4D5-0B22F540E1BC}.Release|Mixed Platforms.Build.0 = Release|Any CPU
		{3DB49629-ADE8-456F-B4D5-0B22F540E1BC}.Release|x86.ActiveCfg = Release|Any CPU
		{0E7D4746-344B-4261-A3B6-C94FB0561133}.Debug|Any CPU.ActiveCfg = Debug|Any CPU
		{0E7D4746-344B-4261-A3B6-C94FB0561133}.Debug|Any CPU.Build.0 = Debug|Any CPU
		{0E7D4746-344B-4261-A3B6-C94FB0561133}.Debug|Mixed Platforms.ActiveCfg = Debug|Any CPU
		{0E7D4746-344B-4261-A3B6-C94FB0561133}.Debug|Mixed Platforms.Build.0 = Debug|Any CPU
		{0E7D4746-344B-4261-A3B6-C94FB0561133}.Debug|x86.ActiveCfg = Debug|Any CPU
		{0E7D4746-344B-4261-A3B6-C94FB0561133}.Release|Any CPU.ActiveCfg = Release|Any CPU
		{0E7D4746-344B-4261-A3B6-C94FB0561133}.Release|Any CPU.Build.0 = Release|Any CPU
		{0E7D4746-344B-4261-A3B6-C94FB0561133}.Release|Mixed Platforms.ActiveCfg = Release|Any CPU
		{0E7D4746-344B-4261-A3B6-C94FB0561133}.Release|Mixed Platforms.Build.0 = Release|Any CPU
		{0E7D4746-344B-4261-A3B6-C94FB0561133}.Release|x86.ActiveCfg = Release|Any CPU
	EndGlobalSection
	GlobalSection(SolutionProperties) = preSolution
		HideSolutionNode = FALSE
	EndGlobalSection
EndGlobal
